
Microsoft Visual Studio Solution File, Format Version 12.00
# Visual Studio 15
VisualStudioVersion = 15.0.28307.271
MinimumVisualStudioVersion = 10.0.40219.1
Project("{FAE04EC0-301F-11D3-BF4B-00C04F79EFBC}") = "SQLTestAdapter", "SQLTestAdapter\SQLTestAdapter.csproj", "{BC4B3BED-9241-4DD6-8070-A9B66DFC08C1}"
EndProject
Project("{FAE04EC0-301F-11D3-BF4B-00C04F79EFBC}") = "GenerateServiceOperations", "GenerateServiceOperations\GenerateServiceOperations.csproj", "{3E08397E-C78B-479E-8021-176F9D431ACF}"
EndProject
Project("{FAE04EC0-301F-11D3-BF4B-00C04F79EFBC}") = "SvcUtil2", "SvcUtil2\SvcUtil2\SvcUtil2.csproj", "{AA1AF81E-F02A-4207-A30C-F17F6F1AEAD9}"
EndProject
Project("{00D1A9C2-B5F0-4AF3-8072-F6C62B433612}") = "TestAutomationDB", "TestAutomationDB\TestAutomationDB.sqlproj", "{FFE0290A-2BE0-43F5-866B-518D23130502}"
EndProject
Project("{FAE04EC0-301F-11D3-BF4B-00C04F79EFBC}") = "TestAdapterInterface", "TestAdapterInterface\TestAdapterInterface.csproj", "{C539F4FB-294B-478B-AEE6-16CAE789BBD1}"
EndProject
Global
	GlobalSection(SolutionConfigurationPlatforms) = preSolution
		Debug|Any CPU = Debug|Any CPU
		Release|Any CPU = Release|Any CPU
	EndGlobalSection
	GlobalSection(ProjectConfigurationPlatforms) = postSolution
		{BC4B3BED-9241-4DD6-8070-A9B66DFC08C1}.Debug|Any CPU.ActiveCfg = Debug|Any CPU
		{BC4B3BED-9241-4DD6-8070-A9B66DFC08C1}.Debug|Any CPU.Build.0 = Debug|Any CPU
		{BC4B3BED-9241-4DD6-8070-A9B66DFC08C1}.Release|Any CPU.ActiveCfg = Release|Any CPU
		{BC4B3BED-9241-4DD6-8070-A9B66DFC08C1}.Release|Any CPU.Build.0 = Release|Any CPU
		{3E08397E-C78B-479E-8021-176F9D431ACF}.Debug|Any CPU.ActiveCfg = Debug|Any CPU
		{3E08397E-C78B-479E-8021-176F9D431ACF}.Debug|Any CPU.Build.0 = Debug|Any CPU
		{3E08397E-C78B-479E-8021-176F9D431ACF}.Release|Any CPU.ActiveCfg = Release|Any CPU
		{3E08397E-C78B-479E-8021-176F9D431ACF}.Release|Any CPU.Build.0 = Release|Any CPU
		{AA1AF81E-F02A-4207-A30C-F17F6F1AEAD9}.Debug|Any CPU.ActiveCfg = Debug|Any CPU
		{AA1AF81E-F02A-4207-A30C-F17F6F1AEAD9}.Debug|Any CPU.Build.0 = Debug|Any CPU
		{AA1AF81E-F02A-4207-A30C-F17F6F1AEAD9}.Release|Any CPU.ActiveCfg = Release|Any CPU
		{AA1AF81E-F02A-4207-A30C-F17F6F1AEAD9}.Release|Any CPU.Build.0 = Release|Any CPU
		{FFE0290A-2BE0-43F5-866B-518D23130502}.Debug|Any CPU.ActiveCfg = Debug|Any CPU
		{FFE0290A-2BE0-43F5-866B-518D23130502}.Debug|Any CPU.Build.0 = Debug|Any CPU
		{FFE0290A-2BE0-43F5-866B-518D23130502}.Debug|Any CPU.Deploy.0 = Debug|Any CPU
		{FFE0290A-2BE0-43F5-866B-518D23130502}.Release|Any CPU.ActiveCfg = Release|Any CPU
		{FFE0290A-2BE0-43F5-866B-518D23130502}.Release|Any CPU.Build.0 = Release|Any CPU
		{FFE0290A-2BE0-43F5-866B-518D23130502}.Release|Any CPU.Deploy.0 = Release|Any CPU
		{C539F4FB-294B-478B-AEE6-16CAE789BBD1}.Debug|Any CPU.ActiveCfg = Debug|Any CPU
		{C539F4FB-294B-478B-AEE6-16CAE789BBD1}.Debug|Any CPU.Build.0 = Debug|Any CPU
		{C539F4FB-294B-478B-AEE6-16CAE789BBD1}.Release|Any CPU.ActiveCfg = Release|Any CPU
		{C539F4FB-294B-478B-AEE6-16CAE789BBD1}.Release|Any CPU.Build.0 = Release|Any CPU
	EndGlobalSection
	GlobalSection(SolutionProperties) = preSolution
		HideSolutionNode = FALSE
	EndGlobalSection
	GlobalSection(ExtensibilityGlobals) = postSolution
		SolutionGuid = {CA13D186-3C19-4E79-8387-919286333266}
	EndGlobalSection
EndGlobal
